
Microsoft Visual Studio Solution File, Format Version 12.00
# Visual Studio Version 17
VisualStudioVersion = 17.10.34928.147
MinimumVisualStudioVersion = 10.0.40219.1
Project("{9A19103F-16F7-4668-BE54-9A1E7A4F7556}") = "RPS", "RPS.csproj", "{B4FBFA26-0BA5-46CF-95CD-DEFA9F29E33C}"
EndProject
Project("{FAE04EC0-301F-11D3-BF4B-00C04F79EFBC}") = "RPSGameTests", "..\RPSGameTests\RPSGameTests.csproj", "{090D4C50-4459-415E-A5D8-96127D8D8EB1}"
EndProject
Global
	GlobalSection(SolutionConfigurationPlatforms) = preSolution
		Debug|Any CPU = Debug|Any CPU
		Release|Any CPU = Release|Any CPU
	EndGlobalSection
	GlobalSection(ProjectConfigurationPlatforms) = postSolution
		{B4FBFA26-0BA5-46CF-95CD-DEFA9F29E33C}.Debug|Any CPU.ActiveCfg = Debug|Any CPU
		{B4FBFA26-0BA5-46CF-95CD-DEFA9F29E33C}.Debug|Any CPU.Build.0 = Debug|Any CPU
		{B4FBFA26-0BA5-46CF-95CD-DEFA9F29E33C}.Release|Any CPU.ActiveCfg = Release|Any CPU
		{B4FBFA26-0BA5-46CF-95CD-DEFA9F29E33C}.Release|Any CPU.Build.0 = Release|Any CPU
		{090D4C50-4459-415E-A5D8-96127D8D8EB1}.Debug|Any CPU.ActiveCfg = Debug|Any CPU
		{090D4C50-4459-415E-A5D8-96127D8D8EB1}.Debug|Any CPU.Build.0 = Debug|Any CPU
		{090D4C50-4459-415E-A5D8-96127D8D8EB1}.Release|Any CPU.ActiveCfg = Release|Any CPU
		{090D4C50-4459-415E-A5D8-96127D8D8EB1}.Release|Any CPU.Build.0 = Release|Any CPU
	EndGlobalSection
	GlobalSection(SolutionProperties) = preSolution
		HideSolutionNode = FALSE
	EndGlobalSection
	GlobalSection(ExtensibilityGlobals) = postSolution
		SolutionGuid = {B2B5F11B-1988-48E8-9755-070C27D9846F}
	EndGlobalSection
EndGlobal
